
Microsoft Visual Studio Solution File, Format Version 12.00
# Visual Studio Version 17
VisualStudioVersion = 17.8.34525.116
MinimumVisualStudioVersion = 10.0.40219.1
Project("{FAE04EC0-301F-11D3-BF4B-00C04F79EFBC}") = "hw1", "hw1\hw1.csproj", "{72FE3456-13DF-4A35-AE39-F95BD83FAF4D}"
EndProject
Global
	GlobalSection(SolutionConfigurationPlatforms) = preSolution
		Debug|Any CPU = Debug|Any CPU
		Release|Any CPU = Release|Any CPU
	EndGlobalSection
	GlobalSection(ProjectConfigurationPlatforms) = postSolution
		{72FE3456-13DF-4A35-AE39-F95BD83FAF4D}.Debug|Any CPU.ActiveCfg = Debug|Any CPU
		{72FE3456-13DF-4A35-AE39-F95BD83FAF4D}.Debug|Any CPU.Build.0 = Debug|Any CPU
		{72FE3456-13DF-4A35-AE39-F95BD83FAF4D}.Release|Any CPU.ActiveCfg = Release|Any CPU
		{72FE3456-13DF-4A35-AE39-F95BD83FAF4D}.Release|Any CPU.Build.0 = Release|Any CPU
	EndGlobalSection
	GlobalSection(SolutionProperties) = preSolution
		HideSolutionNode = FALSE
	EndGlobalSection
	GlobalSection(ExtensibilityGlobals) = postSolution
		SolutionGuid = {BA88407D-FD37-4599-849A-12DF422EDDD1}
	EndGlobalSection
EndGlobal
